
Microsoft Visual Studio Solution File, Format Version 12.00
# Visual Studio Version 17
VisualStudioVersion = 17.10.35122.118
MinimumVisualStudioVersion = 10.0.40219.1
Project("{9A19103F-16F7-4668-BE54-9A1E7A4F7556}") = "StudentView", "StudentView\StudentView.csproj", "{86856259-43B5-4B46-8550-13852E2304CD}"
EndProject
Project("{9A19103F-16F7-4668-BE54-9A1E7A4F7556}") = "BethanysPieShopHRM.Shared", "BethanysPieShopHRM.Shared\BethanysPieShopHRM.Shared.csproj", "{0B95E4AF-6DA7-4770-B134-141741D017EB}"
EndProject
Global
	GlobalSection(SolutionConfigurationPlatforms) = preSolution
		Debug|Any CPU = Debug|Any CPU
		Release|Any CPU = Release|Any CPU
	EndGlobalSection
	GlobalSection(ProjectConfigurationPlatforms) = postSolution
		{86856259-43B5-4B46-8550-13852E2304CD}.Debug|Any CPU.ActiveCfg = Debug|Any CPU
		{86856259-43B5-4B46-8550-13852E2304CD}.Debug|Any CPU.Build.0 = Debug|Any CPU
		{86856259-43B5-4B46-8550-13852E2304CD}.Release|Any CPU.ActiveCfg = Release|Any CPU
		{86856259-43B5-4B46-8550-13852E2304CD}.Release|Any CPU.Build.0 = Release|Any CPU
		{0B95E4AF-6DA7-4770-B134-141741D017EB}.Debug|Any CPU.ActiveCfg = Debug|Any CPU
		{0B95E4AF-6DA7-4770-B134-141741D017EB}.Debug|Any CPU.Build.0 = Debug|Any CPU
		{0B95E4AF-6DA7-4770-B134-141741D017EB}.Release|Any CPU.ActiveCfg = Release|Any CPU
		{0B95E4AF-6DA7-4770-B134-141741D017EB}.Release|Any CPU.Build.0 = Release|Any CPU
	EndGlobalSection
	GlobalSection(SolutionProperties) = preSolution
		HideSolutionNode = FALSE
	EndGlobalSection
	GlobalSection(ExtensibilityGlobals) = postSolution
		SolutionGuid = {23F906D9-1B54-4680-BCBC-5543B4322B19}
	EndGlobalSection
EndGlobal
